
Microsoft Visual Studio Solution File, Format Version 12.00
# Visual Studio Version 16
VisualStudioVersion = 16.0.30611.23
MinimumVisualStudioVersion = 10.0.40219.1
Project("{FAE04EC0-301F-11D3-BF4B-00C04F79EFBC}") = "Gymcim.Business", "Gymcim.Business\Gymcim.Business.csproj", "{891457A5-394D-467B-9441-8C151F1BFB6C}"
EndProject
Project("{FAE04EC0-301F-11D3-BF4B-00C04F79EFBC}") = "Gymcim.DataAccess", "Gymcim.DataAccess\Gymcim.DataAccess.csproj", "{72A3CD32-80C3-49CE-BEA5-126215EC50D8}"
EndProject
Project("{FAE04EC0-301F-11D3-BF4B-00C04F79EFBC}") = "Gymcim.FormUI", "Gymcim.FormUI\Gymcim.FormUI.csproj", "{C9FAB338-DB48-410B-BCF7-038CEE2567B3}"
EndProject
Project("{FAE04EC0-301F-11D3-BF4B-00C04F79EFBC}") = "Gymcim.Entities", "Gymcim.Entities\Gymcim.Entities.csproj", "{2629A752-16E0-4656-B18E-1B7922DEDB93}"
EndProject
Project("{FAE04EC0-301F-11D3-BF4B-00C04F79EFBC}") = "Gymcim.Core", "Gymcim.Core\Gymcim.Core.csproj", "{B5FC265F-50C0-456F-A6FD-7EF8A25EA26F}"
EndProject
Global
	GlobalSection(SolutionConfigurationPlatforms) = preSolution
		Debug|Any CPU = Debug|Any CPU
		Release|Any CPU = Release|Any CPU
	EndGlobalSection
	GlobalSection(ProjectConfigurationPlatforms) = postSolution
		{891457A5-394D-467B-9441-8C151F1BFB6C}.Debug|Any CPU.ActiveCfg = Debug|Any CPU
		{891457A5-394D-467B-9441-8C151F1BFB6C}.Debug|Any CPU.Build.0 = Debug|Any CPU
		{891457A5-394D-467B-9441-8C151F1BFB6C}.Release|Any CPU.ActiveCfg = Release|Any CPU
		{891457A5-394D-467B-9441-8C151F1BFB6C}.Release|Any CPU.Build.0 = Release|Any CPU
		{72A3CD32-80C3-49CE-BEA5-126215EC50D8}.Debug|Any CPU.ActiveCfg = Debug|Any CPU
		{72A3CD32-80C3-49CE-BEA5-126215EC50D8}.Debug|Any CPU.Build.0 = Debug|Any CPU
		{72A3CD32-80C3-49CE-BEA5-126215EC50D8}.Release|Any CPU.ActiveCfg = Release|Any CPU
		{72A3CD32-80C3-49CE-BEA5-126215EC50D8}.Release|Any CPU.Build.0 = Release|Any CPU
		{C9FAB338-DB48-410B-BCF7-038CEE2567B3}.Debug|Any CPU.ActiveCfg = Debug|Any CPU
		{C9FAB338-DB48-410B-BCF7-038CEE2567B3}.Debug|Any CPU.Build.0 = Debug|Any CPU
		{C9FAB338-DB48-410B-BCF7-038CEE2567B3}.Release|Any CPU.ActiveCfg = Release|Any CPU
		{C9FAB338-DB48-410B-BCF7-038CEE2567B3}.Release|Any CPU.Build.0 = Release|Any CPU
		{2629A752-16E0-4656-B18E-1B7922DEDB93}.Debug|Any CPU.ActiveCfg = Debug|Any CPU
		{2629A752-16E0-4656-B18E-1B7922DEDB93}.Debug|Any CPU.Build.0 = Debug|Any CPU
		{2629A752-16E0-4656-B18E-1B7922DEDB93}.Release|Any CPU.ActiveCfg = Release|Any CPU
		{2629A752-16E0-4656-B18E-1B7922DEDB93}.Release|Any CPU.Build.0 = Release|Any CPU
		{B5FC265F-50C0-456F-A6FD-7EF8A25EA26F}.Debug|Any CPU.ActiveCfg = Debug|Any CPU
		{B5FC265F-50C0-456F-A6FD-7EF8A25EA26F}.Debug|Any CPU.Build.0 = Debug|Any CPU
		{B5FC265F-50C0-456F-A6FD-7EF8A25EA26F}.Release|Any CPU.ActiveCfg = Release|Any CPU
		{B5FC265F-50C0-456F-A6FD-7EF8A25EA26F}.Release|Any CPU.Build.0 = Release|Any CPU
	EndGlobalSection
	GlobalSection(SolutionProperties) = preSolution
		HideSolutionNode = FALSE
	EndGlobalSection
	GlobalSection(ExtensibilityGlobals) = postSolution
		SolutionGuid = {87721B7C-C81B-4D5C-B3AA-3EA05936A7A5}
	EndGlobalSection
EndGlobal
